// !$*UTF8*$!
{
	archiveVersion = 1;
	classes = {
	};
	objectVersion = 46;
	objects = {

/* Begin PBXBuildFile section */
<<<<<<< HEAD
		1A194D733BC5AD3921C8705F /* Pods_InstaChat.framework in Frameworks */ = {isa = PBXBuildFile; fileRef = 52934E90CBBB0633CF395C57 /* Pods_InstaChat.framework */; };
		63C645ED34E732BA23FE34B8 /* Pods_InstaChatTests.framework in Frameworks */ = {isa = PBXBuildFile; fileRef = 8F8AAA89F79FB38DB94EA112 /* Pods_InstaChatTests.framework */; };
=======
		24FCE35F002697EC34370F01 /* Pods_InstaChat.framework in Frameworks */ = {isa = PBXBuildFile; fileRef = 14E906F17C520E7C4AFC6B2F /* Pods_InstaChat.framework */; };
		265B251900232F879AE5B040 /* Pods_InstaChatTests.framework in Frameworks */ = {isa = PBXBuildFile; fileRef = 72462E91B0F27FDDCAA656F8 /* Pods_InstaChatTests.framework */; };
>>>>>>> ce218563691d06e53e32e28dcdf088f3f0712adb
		7D294ECF1DE1FC8D0060DA97 /* AppDelegate.swift in Sources */ = {isa = PBXBuildFile; fileRef = 7D294ECE1DE1FC8D0060DA97 /* AppDelegate.swift */; };
		7D294ED11DE1FC8D0060DA97 /* ViewController.swift in Sources */ = {isa = PBXBuildFile; fileRef = 7D294ED01DE1FC8D0060DA97 /* ViewController.swift */; };
		7D294ED41DE1FC8D0060DA97 /* Main.storyboard in Resources */ = {isa = PBXBuildFile; fileRef = 7D294ED21DE1FC8D0060DA97 /* Main.storyboard */; };
		7D294ED61DE1FC8D0060DA97 /* Assets.xcassets in Resources */ = {isa = PBXBuildFile; fileRef = 7D294ED51DE1FC8D0060DA97 /* Assets.xcassets */; };
		7D294ED91DE1FC8D0060DA97 /* LaunchScreen.storyboard in Resources */ = {isa = PBXBuildFile; fileRef = 7D294ED71DE1FC8D0060DA97 /* LaunchScreen.storyboard */; };
		7D294EE41DE1FC8D0060DA97 /* InstaChatTests.swift in Sources */ = {isa = PBXBuildFile; fileRef = 7D294EE31DE1FC8D0060DA97 /* InstaChatTests.swift */; };
		7D294EEF1DE1FC8D0060DA97 /* InstaChatUITests.swift in Sources */ = {isa = PBXBuildFile; fileRef = 7D294EEE1DE1FC8D0060DA97 /* InstaChatUITests.swift */; };
<<<<<<< HEAD
		EAD354525443774FD507A900 /* Pods_InstaChatUITests.framework in Frameworks */ = {isa = PBXBuildFile; fileRef = 70C19770F3E964B750D97B4C /* Pods_InstaChatUITests.framework */; };
=======
		8DF5FF8B700EEF5798CC6353 /* Pods_InstaChatUITests.framework in Frameworks */ = {isa = PBXBuildFile; fileRef = 543EDACF52DF9BDD37CE4CAC /* Pods_InstaChatUITests.framework */; };
>>>>>>> ce218563691d06e53e32e28dcdf088f3f0712adb
/* End PBXBuildFile section */

/* Begin PBXContainerItemProxy section */
		7D294EE01DE1FC8D0060DA97 /* PBXContainerItemProxy */ = {
			isa = PBXContainerItemProxy;
			containerPortal = 7D294EC31DE1FC8D0060DA97 /* Project object */;
			proxyType = 1;
			remoteGlobalIDString = 7D294ECA1DE1FC8D0060DA97;
			remoteInfo = InstaChat;
		};
		7D294EEB1DE1FC8D0060DA97 /* PBXContainerItemProxy */ = {
			isa = PBXContainerItemProxy;
			containerPortal = 7D294EC31DE1FC8D0060DA97 /* Project object */;
			proxyType = 1;
			remoteGlobalIDString = 7D294ECA1DE1FC8D0060DA97;
			remoteInfo = InstaChat;
		};
/* End PBXContainerItemProxy section */

/* Begin PBXFileReference section */
<<<<<<< HEAD
		08466AD69BA80A42F0E17189 /* Pods-InstaChatTests.debug.xcconfig */ = {isa = PBXFileReference; includeInIndex = 1; lastKnownFileType = text.xcconfig; name = "Pods-InstaChatTests.debug.xcconfig"; path = "Pods/Target Support Files/Pods-InstaChatTests/Pods-InstaChatTests.debug.xcconfig"; sourceTree = "<group>"; };
		1370914949D7EFE5DC9AF268 /* Pods-InstaChat.release.xcconfig */ = {isa = PBXFileReference; includeInIndex = 1; lastKnownFileType = text.xcconfig; name = "Pods-InstaChat.release.xcconfig"; path = "Pods/Target Support Files/Pods-InstaChat/Pods-InstaChat.release.xcconfig"; sourceTree = "<group>"; };
		28404F9A2B7A46080077CA9E /* Pods-InstaChatTests.release.xcconfig */ = {isa = PBXFileReference; includeInIndex = 1; lastKnownFileType = text.xcconfig; name = "Pods-InstaChatTests.release.xcconfig"; path = "Pods/Target Support Files/Pods-InstaChatTests/Pods-InstaChatTests.release.xcconfig"; sourceTree = "<group>"; };
		2F151623BD703D03D655A7AF /* Pods-InstaChatUITests.debug.xcconfig */ = {isa = PBXFileReference; includeInIndex = 1; lastKnownFileType = text.xcconfig; name = "Pods-InstaChatUITests.debug.xcconfig"; path = "Pods/Target Support Files/Pods-InstaChatUITests/Pods-InstaChatUITests.debug.xcconfig"; sourceTree = "<group>"; };
		52934E90CBBB0633CF395C57 /* Pods_InstaChat.framework */ = {isa = PBXFileReference; explicitFileType = wrapper.framework; includeInIndex = 0; path = Pods_InstaChat.framework; sourceTree = BUILT_PRODUCTS_DIR; };
		640B9FFCA0A08D75218B6EB2 /* Pods-InstaChat.debug.xcconfig */ = {isa = PBXFileReference; includeInIndex = 1; lastKnownFileType = text.xcconfig; name = "Pods-InstaChat.debug.xcconfig"; path = "Pods/Target Support Files/Pods-InstaChat/Pods-InstaChat.debug.xcconfig"; sourceTree = "<group>"; };
		70C19770F3E964B750D97B4C /* Pods_InstaChatUITests.framework */ = {isa = PBXFileReference; explicitFileType = wrapper.framework; includeInIndex = 0; path = Pods_InstaChatUITests.framework; sourceTree = BUILT_PRODUCTS_DIR; };
		77225447623CC94D6FBA6EA4 /* Pods-InstaChatUITests.release.xcconfig */ = {isa = PBXFileReference; includeInIndex = 1; lastKnownFileType = text.xcconfig; name = "Pods-InstaChatUITests.release.xcconfig"; path = "Pods/Target Support Files/Pods-InstaChatUITests/Pods-InstaChatUITests.release.xcconfig"; sourceTree = "<group>"; };
=======
		14E906F17C520E7C4AFC6B2F /* Pods_InstaChat.framework */ = {isa = PBXFileReference; explicitFileType = wrapper.framework; includeInIndex = 0; path = Pods_InstaChat.framework; sourceTree = BUILT_PRODUCTS_DIR; };
		266B27938C2BDC9902D9BD65 /* Pods-InstaChatUITests.debug.xcconfig */ = {isa = PBXFileReference; includeInIndex = 1; lastKnownFileType = text.xcconfig; name = "Pods-InstaChatUITests.debug.xcconfig"; path = "Pods/Target Support Files/Pods-InstaChatUITests/Pods-InstaChatUITests.debug.xcconfig"; sourceTree = "<group>"; };
		40B413C619D2F42705F868C4 /* Pods-InstaChatTests.debug.xcconfig */ = {isa = PBXFileReference; includeInIndex = 1; lastKnownFileType = text.xcconfig; name = "Pods-InstaChatTests.debug.xcconfig"; path = "Pods/Target Support Files/Pods-InstaChatTests/Pods-InstaChatTests.debug.xcconfig"; sourceTree = "<group>"; };
		543EDACF52DF9BDD37CE4CAC /* Pods_InstaChatUITests.framework */ = {isa = PBXFileReference; explicitFileType = wrapper.framework; includeInIndex = 0; path = Pods_InstaChatUITests.framework; sourceTree = BUILT_PRODUCTS_DIR; };
		72462E91B0F27FDDCAA656F8 /* Pods_InstaChatTests.framework */ = {isa = PBXFileReference; explicitFileType = wrapper.framework; includeInIndex = 0; path = Pods_InstaChatTests.framework; sourceTree = BUILT_PRODUCTS_DIR; };
		7CCDA125D68139CD29F9C499 /* Pods-InstaChat.debug.xcconfig */ = {isa = PBXFileReference; includeInIndex = 1; lastKnownFileType = text.xcconfig; name = "Pods-InstaChat.debug.xcconfig"; path = "Pods/Target Support Files/Pods-InstaChat/Pods-InstaChat.debug.xcconfig"; sourceTree = "<group>"; };
>>>>>>> ce218563691d06e53e32e28dcdf088f3f0712adb
		7D294ECB1DE1FC8D0060DA97 /* InstaChat.app */ = {isa = PBXFileReference; explicitFileType = wrapper.application; includeInIndex = 0; path = InstaChat.app; sourceTree = BUILT_PRODUCTS_DIR; };
		7D294ECE1DE1FC8D0060DA97 /* AppDelegate.swift */ = {isa = PBXFileReference; lastKnownFileType = sourcecode.swift; path = AppDelegate.swift; sourceTree = "<group>"; };
		7D294ED01DE1FC8D0060DA97 /* ViewController.swift */ = {isa = PBXFileReference; lastKnownFileType = sourcecode.swift; path = ViewController.swift; sourceTree = "<group>"; };
		7D294ED31DE1FC8D0060DA97 /* Base */ = {isa = PBXFileReference; lastKnownFileType = file.storyboard; name = Base; path = Base.lproj/Main.storyboard; sourceTree = "<group>"; };
		7D294ED51DE1FC8D0060DA97 /* Assets.xcassets */ = {isa = PBXFileReference; lastKnownFileType = folder.assetcatalog; path = Assets.xcassets; sourceTree = "<group>"; };
		7D294ED81DE1FC8D0060DA97 /* Base */ = {isa = PBXFileReference; lastKnownFileType = file.storyboard; name = Base; path = Base.lproj/LaunchScreen.storyboard; sourceTree = "<group>"; };
		7D294EDA1DE1FC8D0060DA97 /* Info.plist */ = {isa = PBXFileReference; lastKnownFileType = text.plist.xml; path = Info.plist; sourceTree = "<group>"; };
		7D294EDF1DE1FC8D0060DA97 /* InstaChatTests.xctest */ = {isa = PBXFileReference; explicitFileType = wrapper.cfbundle; includeInIndex = 0; path = InstaChatTests.xctest; sourceTree = BUILT_PRODUCTS_DIR; };
		7D294EE31DE1FC8D0060DA97 /* InstaChatTests.swift */ = {isa = PBXFileReference; lastKnownFileType = sourcecode.swift; path = InstaChatTests.swift; sourceTree = "<group>"; };
		7D294EE51DE1FC8D0060DA97 /* Info.plist */ = {isa = PBXFileReference; lastKnownFileType = text.plist.xml; path = Info.plist; sourceTree = "<group>"; };
		7D294EEA1DE1FC8D0060DA97 /* InstaChatUITests.xctest */ = {isa = PBXFileReference; explicitFileType = wrapper.cfbundle; includeInIndex = 0; path = InstaChatUITests.xctest; sourceTree = BUILT_PRODUCTS_DIR; };
		7D294EEE1DE1FC8D0060DA97 /* InstaChatUITests.swift */ = {isa = PBXFileReference; lastKnownFileType = sourcecode.swift; path = InstaChatUITests.swift; sourceTree = "<group>"; };
		7D294EF01DE1FC8D0060DA97 /* Info.plist */ = {isa = PBXFileReference; lastKnownFileType = text.plist.xml; path = Info.plist; sourceTree = "<group>"; };
<<<<<<< HEAD
		8F8AAA89F79FB38DB94EA112 /* Pods_InstaChatTests.framework */ = {isa = PBXFileReference; explicitFileType = wrapper.framework; includeInIndex = 0; path = Pods_InstaChatTests.framework; sourceTree = BUILT_PRODUCTS_DIR; };
=======
		A9E25AEDF3F918EAF05B127A /* Pods-InstaChatUITests.release.xcconfig */ = {isa = PBXFileReference; includeInIndex = 1; lastKnownFileType = text.xcconfig; name = "Pods-InstaChatUITests.release.xcconfig"; path = "Pods/Target Support Files/Pods-InstaChatUITests/Pods-InstaChatUITests.release.xcconfig"; sourceTree = "<group>"; };
		DCDAA9BB9014A6A789F6F4F6 /* Pods-InstaChatTests.release.xcconfig */ = {isa = PBXFileReference; includeInIndex = 1; lastKnownFileType = text.xcconfig; name = "Pods-InstaChatTests.release.xcconfig"; path = "Pods/Target Support Files/Pods-InstaChatTests/Pods-InstaChatTests.release.xcconfig"; sourceTree = "<group>"; };
		E95E1B5BEFE8779D0CF5E4E7 /* Pods-InstaChat.release.xcconfig */ = {isa = PBXFileReference; includeInIndex = 1; lastKnownFileType = text.xcconfig; name = "Pods-InstaChat.release.xcconfig"; path = "Pods/Target Support Files/Pods-InstaChat/Pods-InstaChat.release.xcconfig"; sourceTree = "<group>"; };
>>>>>>> ce218563691d06e53e32e28dcdf088f3f0712adb
/* End PBXFileReference section */

/* Begin PBXFrameworksBuildPhase section */
		7D294EC81DE1FC8D0060DA97 /* Frameworks */ = {
			isa = PBXFrameworksBuildPhase;
			buildActionMask = 2147483647;
			files = (
<<<<<<< HEAD
				1A194D733BC5AD3921C8705F /* Pods_InstaChat.framework in Frameworks */,
=======
				24FCE35F002697EC34370F01 /* Pods_InstaChat.framework in Frameworks */,
>>>>>>> ce218563691d06e53e32e28dcdf088f3f0712adb
			);
			runOnlyForDeploymentPostprocessing = 0;
		};
		7D294EDC1DE1FC8D0060DA97 /* Frameworks */ = {
			isa = PBXFrameworksBuildPhase;
			buildActionMask = 2147483647;
			files = (
<<<<<<< HEAD
				63C645ED34E732BA23FE34B8 /* Pods_InstaChatTests.framework in Frameworks */,
=======
				265B251900232F879AE5B040 /* Pods_InstaChatTests.framework in Frameworks */,
>>>>>>> ce218563691d06e53e32e28dcdf088f3f0712adb
			);
			runOnlyForDeploymentPostprocessing = 0;
		};
		7D294EE71DE1FC8D0060DA97 /* Frameworks */ = {
			isa = PBXFrameworksBuildPhase;
			buildActionMask = 2147483647;
			files = (
<<<<<<< HEAD
				EAD354525443774FD507A900 /* Pods_InstaChatUITests.framework in Frameworks */,
=======
				8DF5FF8B700EEF5798CC6353 /* Pods_InstaChatUITests.framework in Frameworks */,
>>>>>>> ce218563691d06e53e32e28dcdf088f3f0712adb
			);
			runOnlyForDeploymentPostprocessing = 0;
		};
/* End PBXFrameworksBuildPhase section */

/* Begin PBXGroup section */
<<<<<<< HEAD
		6409EAAC29EB8BAFB8D3B219 /* Frameworks */ = {
			isa = PBXGroup;
			children = (
				52934E90CBBB0633CF395C57 /* Pods_InstaChat.framework */,
				8F8AAA89F79FB38DB94EA112 /* Pods_InstaChatTests.framework */,
				70C19770F3E964B750D97B4C /* Pods_InstaChatUITests.framework */,
			);
			name = Frameworks;
=======
		464030E6CD1E1DB39E2AF31E /* Pods */ = {
			isa = PBXGroup;
			children = (
				7CCDA125D68139CD29F9C499 /* Pods-InstaChat.debug.xcconfig */,
				E95E1B5BEFE8779D0CF5E4E7 /* Pods-InstaChat.release.xcconfig */,
				40B413C619D2F42705F868C4 /* Pods-InstaChatTests.debug.xcconfig */,
				DCDAA9BB9014A6A789F6F4F6 /* Pods-InstaChatTests.release.xcconfig */,
				266B27938C2BDC9902D9BD65 /* Pods-InstaChatUITests.debug.xcconfig */,
				A9E25AEDF3F918EAF05B127A /* Pods-InstaChatUITests.release.xcconfig */,
			);
			name = Pods;
>>>>>>> ce218563691d06e53e32e28dcdf088f3f0712adb
			sourceTree = "<group>";
		};
		7D294EC21DE1FC8D0060DA97 = {
			isa = PBXGroup;
			children = (
				7D294ECD1DE1FC8D0060DA97 /* InstaChat */,
				7D294EE21DE1FC8D0060DA97 /* InstaChatTests */,
				7D294EED1DE1FC8D0060DA97 /* InstaChatUITests */,
				7D294ECC1DE1FC8D0060DA97 /* Products */,
<<<<<<< HEAD
				B3F9F4A775F152585718B9C9 /* Pods */,
				6409EAAC29EB8BAFB8D3B219 /* Frameworks */,
=======
				464030E6CD1E1DB39E2AF31E /* Pods */,
				8FC6034C525A3E0CFA31C81F /* Frameworks */,
>>>>>>> ce218563691d06e53e32e28dcdf088f3f0712adb
			);
			sourceTree = "<group>";
		};
		7D294ECC1DE1FC8D0060DA97 /* Products */ = {
			isa = PBXGroup;
			children = (
				7D294ECB1DE1FC8D0060DA97 /* InstaChat.app */,
				7D294EDF1DE1FC8D0060DA97 /* InstaChatTests.xctest */,
				7D294EEA1DE1FC8D0060DA97 /* InstaChatUITests.xctest */,
			);
			name = Products;
			sourceTree = "<group>";
		};
		7D294ECD1DE1FC8D0060DA97 /* InstaChat */ = {
			isa = PBXGroup;
			children = (
				7D294ECE1DE1FC8D0060DA97 /* AppDelegate.swift */,
				7D294ED01DE1FC8D0060DA97 /* ViewController.swift */,
				7D294ED21DE1FC8D0060DA97 /* Main.storyboard */,
				7D294ED51DE1FC8D0060DA97 /* Assets.xcassets */,
				7D294ED71DE1FC8D0060DA97 /* LaunchScreen.storyboard */,
				7D294EDA1DE1FC8D0060DA97 /* Info.plist */,
			);
			path = InstaChat;
			sourceTree = "<group>";
		};
		7D294EE21DE1FC8D0060DA97 /* InstaChatTests */ = {
			isa = PBXGroup;
			children = (
				7D294EE31DE1FC8D0060DA97 /* InstaChatTests.swift */,
				7D294EE51DE1FC8D0060DA97 /* Info.plist */,
			);
			path = InstaChatTests;
			sourceTree = "<group>";
		};
		7D294EED1DE1FC8D0060DA97 /* InstaChatUITests */ = {
			isa = PBXGroup;
			children = (
				7D294EEE1DE1FC8D0060DA97 /* InstaChatUITests.swift */,
				7D294EF01DE1FC8D0060DA97 /* Info.plist */,
			);
			path = InstaChatUITests;
			sourceTree = "<group>";
		};
<<<<<<< HEAD
		B3F9F4A775F152585718B9C9 /* Pods */ = {
			isa = PBXGroup;
			children = (
				640B9FFCA0A08D75218B6EB2 /* Pods-InstaChat.debug.xcconfig */,
				1370914949D7EFE5DC9AF268 /* Pods-InstaChat.release.xcconfig */,
				08466AD69BA80A42F0E17189 /* Pods-InstaChatTests.debug.xcconfig */,
				28404F9A2B7A46080077CA9E /* Pods-InstaChatTests.release.xcconfig */,
				2F151623BD703D03D655A7AF /* Pods-InstaChatUITests.debug.xcconfig */,
				77225447623CC94D6FBA6EA4 /* Pods-InstaChatUITests.release.xcconfig */,
			);
			name = Pods;
=======
		8FC6034C525A3E0CFA31C81F /* Frameworks */ = {
			isa = PBXGroup;
			children = (
				14E906F17C520E7C4AFC6B2F /* Pods_InstaChat.framework */,
				72462E91B0F27FDDCAA656F8 /* Pods_InstaChatTests.framework */,
				543EDACF52DF9BDD37CE4CAC /* Pods_InstaChatUITests.framework */,
			);
			name = Frameworks;
>>>>>>> ce218563691d06e53e32e28dcdf088f3f0712adb
			sourceTree = "<group>";
		};
/* End PBXGroup section */

/* Begin PBXNativeTarget section */
		7D294ECA1DE1FC8D0060DA97 /* InstaChat */ = {
			isa = PBXNativeTarget;
			buildConfigurationList = 7D294EF31DE1FC8D0060DA97 /* Build configuration list for PBXNativeTarget "InstaChat" */;
			buildPhases = (
<<<<<<< HEAD
				6E23D09AE152778E9028C170 /* [CP] Check Pods Manifest.lock */,
				7D294EC71DE1FC8D0060DA97 /* Sources */,
				7D294EC81DE1FC8D0060DA97 /* Frameworks */,
				7D294EC91DE1FC8D0060DA97 /* Resources */,
				6119949353A365A85AF23344 /* [CP] Embed Pods Frameworks */,
				A52E442000E456C1C9C39E91 /* [CP] Copy Pods Resources */,
=======
				D54B152D25B660E35681CCEB /* [CP] Check Pods Manifest.lock */,
				7D294EC71DE1FC8D0060DA97 /* Sources */,
				7D294EC81DE1FC8D0060DA97 /* Frameworks */,
				7D294EC91DE1FC8D0060DA97 /* Resources */,
				984C0BF3B257C0C502CFA478 /* [CP] Embed Pods Frameworks */,
				028156A7BEEB69F92DF2A3FD /* [CP] Copy Pods Resources */,
>>>>>>> ce218563691d06e53e32e28dcdf088f3f0712adb
			);
			buildRules = (
			);
			dependencies = (
			);
			name = InstaChat;
			productName = InstaChat;
			productReference = 7D294ECB1DE1FC8D0060DA97 /* InstaChat.app */;
			productType = "com.apple.product-type.application";
		};
		7D294EDE1DE1FC8D0060DA97 /* InstaChatTests */ = {
			isa = PBXNativeTarget;
			buildConfigurationList = 7D294EF61DE1FC8D0060DA97 /* Build configuration list for PBXNativeTarget "InstaChatTests" */;
			buildPhases = (
<<<<<<< HEAD
				529512C761987667BFE32857 /* [CP] Check Pods Manifest.lock */,
				7D294EDB1DE1FC8D0060DA97 /* Sources */,
				7D294EDC1DE1FC8D0060DA97 /* Frameworks */,
				7D294EDD1DE1FC8D0060DA97 /* Resources */,
				5667F9DF119CEF27850A1E39 /* [CP] Embed Pods Frameworks */,
				2FDA66B44209B780442974C7 /* [CP] Copy Pods Resources */,
=======
				159C2DFCBF1530438ED051B1 /* [CP] Check Pods Manifest.lock */,
				7D294EDB1DE1FC8D0060DA97 /* Sources */,
				7D294EDC1DE1FC8D0060DA97 /* Frameworks */,
				7D294EDD1DE1FC8D0060DA97 /* Resources */,
				B7BF260A9D9A0D40817E0B1C /* [CP] Embed Pods Frameworks */,
				375EAB9A40E58F2690FBBD62 /* [CP] Copy Pods Resources */,
>>>>>>> ce218563691d06e53e32e28dcdf088f3f0712adb
			);
			buildRules = (
			);
			dependencies = (
				7D294EE11DE1FC8D0060DA97 /* PBXTargetDependency */,
			);
			name = InstaChatTests;
			productName = InstaChatTests;
			productReference = 7D294EDF1DE1FC8D0060DA97 /* InstaChatTests.xctest */;
			productType = "com.apple.product-type.bundle.unit-test";
		};
		7D294EE91DE1FC8D0060DA97 /* InstaChatUITests */ = {
			isa = PBXNativeTarget;
			buildConfigurationList = 7D294EF91DE1FC8D0060DA97 /* Build configuration list for PBXNativeTarget "InstaChatUITests" */;
			buildPhases = (
<<<<<<< HEAD
				9AE2165B4CD95B6B364B8265 /* [CP] Check Pods Manifest.lock */,
				7D294EE61DE1FC8D0060DA97 /* Sources */,
				7D294EE71DE1FC8D0060DA97 /* Frameworks */,
				7D294EE81DE1FC8D0060DA97 /* Resources */,
				6E12622338291577F434B2C1 /* [CP] Embed Pods Frameworks */,
				E2AE45533853676414FA6A13 /* [CP] Copy Pods Resources */,
=======
				0DEA11D9813F1EAED09619C6 /* [CP] Check Pods Manifest.lock */,
				7D294EE61DE1FC8D0060DA97 /* Sources */,
				7D294EE71DE1FC8D0060DA97 /* Frameworks */,
				7D294EE81DE1FC8D0060DA97 /* Resources */,
				D8D4328692882C86BEB8E23F /* [CP] Embed Pods Frameworks */,
				2F7655F4597A9534BFB41517 /* [CP] Copy Pods Resources */,
>>>>>>> ce218563691d06e53e32e28dcdf088f3f0712adb
			);
			buildRules = (
			);
			dependencies = (
				7D294EEC1DE1FC8D0060DA97 /* PBXTargetDependency */,
			);
			name = InstaChatUITests;
			productName = InstaChatUITests;
			productReference = 7D294EEA1DE1FC8D0060DA97 /* InstaChatUITests.xctest */;
			productType = "com.apple.product-type.bundle.ui-testing";
		};
/* End PBXNativeTarget section */

/* Begin PBXProject section */
		7D294EC31DE1FC8D0060DA97 /* Project object */ = {
			isa = PBXProject;
			attributes = {
				LastSwiftUpdateCheck = 0800;
				LastUpgradeCheck = 0800;
				ORGANIZATIONNAME = TheAustinSpace;
				TargetAttributes = {
					7D294ECA1DE1FC8D0060DA97 = {
						CreatedOnToolsVersion = 8.0;
						ProvisioningStyle = Automatic;
					};
					7D294EDE1DE1FC8D0060DA97 = {
						CreatedOnToolsVersion = 8.0;
						ProvisioningStyle = Automatic;
						TestTargetID = 7D294ECA1DE1FC8D0060DA97;
					};
					7D294EE91DE1FC8D0060DA97 = {
						CreatedOnToolsVersion = 8.0;
						ProvisioningStyle = Automatic;
						TestTargetID = 7D294ECA1DE1FC8D0060DA97;
					};
				};
			};
			buildConfigurationList = 7D294EC61DE1FC8D0060DA97 /* Build configuration list for PBXProject "InstaChat" */;
			compatibilityVersion = "Xcode 3.2";
			developmentRegion = English;
			hasScannedForEncodings = 0;
			knownRegions = (
				en,
				Base,
			);
			mainGroup = 7D294EC21DE1FC8D0060DA97;
			productRefGroup = 7D294ECC1DE1FC8D0060DA97 /* Products */;
			projectDirPath = "";
			projectRoot = "";
			targets = (
				7D294ECA1DE1FC8D0060DA97 /* InstaChat */,
				7D294EDE1DE1FC8D0060DA97 /* InstaChatTests */,
				7D294EE91DE1FC8D0060DA97 /* InstaChatUITests */,
			);
		};
/* End PBXProject section */

/* Begin PBXResourcesBuildPhase section */
		7D294EC91DE1FC8D0060DA97 /* Resources */ = {
			isa = PBXResourcesBuildPhase;
			buildActionMask = 2147483647;
			files = (
				7D294ED91DE1FC8D0060DA97 /* LaunchScreen.storyboard in Resources */,
				7D294ED61DE1FC8D0060DA97 /* Assets.xcassets in Resources */,
				7D294ED41DE1FC8D0060DA97 /* Main.storyboard in Resources */,
			);
			runOnlyForDeploymentPostprocessing = 0;
		};
		7D294EDD1DE1FC8D0060DA97 /* Resources */ = {
			isa = PBXResourcesBuildPhase;
			buildActionMask = 2147483647;
			files = (
			);
			runOnlyForDeploymentPostprocessing = 0;
		};
		7D294EE81DE1FC8D0060DA97 /* Resources */ = {
			isa = PBXResourcesBuildPhase;
			buildActionMask = 2147483647;
			files = (
			);
			runOnlyForDeploymentPostprocessing = 0;
		};
/* End PBXResourcesBuildPhase section */

/* Begin PBXShellScriptBuildPhase section */
<<<<<<< HEAD
		2FDA66B44209B780442974C7 /* [CP] Copy Pods Resources */ = {
=======
		028156A7BEEB69F92DF2A3FD /* [CP] Copy Pods Resources */ = {
>>>>>>> ce218563691d06e53e32e28dcdf088f3f0712adb
			isa = PBXShellScriptBuildPhase;
			buildActionMask = 2147483647;
			files = (
			);
			inputPaths = (
			);
			name = "[CP] Copy Pods Resources";
			outputPaths = (
			);
			runOnlyForDeploymentPostprocessing = 0;
			shellPath = /bin/sh;
<<<<<<< HEAD
			shellScript = "\"${SRCROOT}/Pods/Target Support Files/Pods-InstaChatTests/Pods-InstaChatTests-resources.sh\"\n";
			showEnvVarsInLog = 0;
		};
		529512C761987667BFE32857 /* [CP] Check Pods Manifest.lock */ = {
=======
			shellScript = "\"${SRCROOT}/Pods/Target Support Files/Pods-InstaChat/Pods-InstaChat-resources.sh\"\n";
			showEnvVarsInLog = 0;
		};
		0DEA11D9813F1EAED09619C6 /* [CP] Check Pods Manifest.lock */ = {
>>>>>>> ce218563691d06e53e32e28dcdf088f3f0712adb
			isa = PBXShellScriptBuildPhase;
			buildActionMask = 2147483647;
			files = (
			);
			inputPaths = (
			);
			name = "[CP] Check Pods Manifest.lock";
			outputPaths = (
			);
			runOnlyForDeploymentPostprocessing = 0;
			shellPath = /bin/sh;
			shellScript = "diff \"${PODS_ROOT}/../Podfile.lock\" \"${PODS_ROOT}/Manifest.lock\" > /dev/null\nif [ $? != 0 ] ; then\n    # print error to STDERR\n    echo \"error: The sandbox is not in sync with the Podfile.lock. Run 'pod install' or update your CocoaPods installation.\" >&2\n    exit 1\nfi\n";
			showEnvVarsInLog = 0;
		};
<<<<<<< HEAD
		5667F9DF119CEF27850A1E39 /* [CP] Embed Pods Frameworks */ = {
=======
		159C2DFCBF1530438ED051B1 /* [CP] Check Pods Manifest.lock */ = {
>>>>>>> ce218563691d06e53e32e28dcdf088f3f0712adb
			isa = PBXShellScriptBuildPhase;
			buildActionMask = 2147483647;
			files = (
			);
			inputPaths = (
			);
<<<<<<< HEAD
			name = "[CP] Embed Pods Frameworks";
=======
			name = "[CP] Check Pods Manifest.lock";
>>>>>>> ce218563691d06e53e32e28dcdf088f3f0712adb
			outputPaths = (
			);
			runOnlyForDeploymentPostprocessing = 0;
			shellPath = /bin/sh;
<<<<<<< HEAD
			shellScript = "\"${SRCROOT}/Pods/Target Support Files/Pods-InstaChatTests/Pods-InstaChatTests-frameworks.sh\"\n";
			showEnvVarsInLog = 0;
		};
		6119949353A365A85AF23344 /* [CP] Embed Pods Frameworks */ = {
=======
			shellScript = "diff \"${PODS_ROOT}/../Podfile.lock\" \"${PODS_ROOT}/Manifest.lock\" > /dev/null\nif [ $? != 0 ] ; then\n    # print error to STDERR\n    echo \"error: The sandbox is not in sync with the Podfile.lock. Run 'pod install' or update your CocoaPods installation.\" >&2\n    exit 1\nfi\n";
			showEnvVarsInLog = 0;
		};
		2F7655F4597A9534BFB41517 /* [CP] Copy Pods Resources */ = {
>>>>>>> ce218563691d06e53e32e28dcdf088f3f0712adb
			isa = PBXShellScriptBuildPhase;
			buildActionMask = 2147483647;
			files = (
			);
			inputPaths = (
			);
<<<<<<< HEAD
			name = "[CP] Embed Pods Frameworks";
=======
			name = "[CP] Copy Pods Resources";
>>>>>>> ce218563691d06e53e32e28dcdf088f3f0712adb
			outputPaths = (
			);
			runOnlyForDeploymentPostprocessing = 0;
			shellPath = /bin/sh;
<<<<<<< HEAD
			shellScript = "\"${SRCROOT}/Pods/Target Support Files/Pods-InstaChat/Pods-InstaChat-frameworks.sh\"\n";
			showEnvVarsInLog = 0;
		};
		6E12622338291577F434B2C1 /* [CP] Embed Pods Frameworks */ = {
=======
			shellScript = "\"${SRCROOT}/Pods/Target Support Files/Pods-InstaChatUITests/Pods-InstaChatUITests-resources.sh\"\n";
			showEnvVarsInLog = 0;
		};
		375EAB9A40E58F2690FBBD62 /* [CP] Copy Pods Resources */ = {
>>>>>>> ce218563691d06e53e32e28dcdf088f3f0712adb
			isa = PBXShellScriptBuildPhase;
			buildActionMask = 2147483647;
			files = (
			);
			inputPaths = (
			);
<<<<<<< HEAD
			name = "[CP] Embed Pods Frameworks";
=======
			name = "[CP] Copy Pods Resources";
>>>>>>> ce218563691d06e53e32e28dcdf088f3f0712adb
			outputPaths = (
			);
			runOnlyForDeploymentPostprocessing = 0;
			shellPath = /bin/sh;
<<<<<<< HEAD
			shellScript = "\"${SRCROOT}/Pods/Target Support Files/Pods-InstaChatUITests/Pods-InstaChatUITests-frameworks.sh\"\n";
			showEnvVarsInLog = 0;
		};
		6E23D09AE152778E9028C170 /* [CP] Check Pods Manifest.lock */ = {
=======
			shellScript = "\"${SRCROOT}/Pods/Target Support Files/Pods-InstaChatTests/Pods-InstaChatTests-resources.sh\"\n";
			showEnvVarsInLog = 0;
		};
		984C0BF3B257C0C502CFA478 /* [CP] Embed Pods Frameworks */ = {
>>>>>>> ce218563691d06e53e32e28dcdf088f3f0712adb
			isa = PBXShellScriptBuildPhase;
			buildActionMask = 2147483647;
			files = (
			);
			inputPaths = (
			);
<<<<<<< HEAD
			name = "[CP] Check Pods Manifest.lock";
=======
			name = "[CP] Embed Pods Frameworks";
>>>>>>> ce218563691d06e53e32e28dcdf088f3f0712adb
			outputPaths = (
			);
			runOnlyForDeploymentPostprocessing = 0;
			shellPath = /bin/sh;
<<<<<<< HEAD
			shellScript = "diff \"${PODS_ROOT}/../Podfile.lock\" \"${PODS_ROOT}/Manifest.lock\" > /dev/null\nif [ $? != 0 ] ; then\n    # print error to STDERR\n    echo \"error: The sandbox is not in sync with the Podfile.lock. Run 'pod install' or update your CocoaPods installation.\" >&2\n    exit 1\nfi\n";
			showEnvVarsInLog = 0;
		};
		9AE2165B4CD95B6B364B8265 /* [CP] Check Pods Manifest.lock */ = {
=======
			shellScript = "\"${SRCROOT}/Pods/Target Support Files/Pods-InstaChat/Pods-InstaChat-frameworks.sh\"\n";
			showEnvVarsInLog = 0;
		};
		B7BF260A9D9A0D40817E0B1C /* [CP] Embed Pods Frameworks */ = {
>>>>>>> ce218563691d06e53e32e28dcdf088f3f0712adb
			isa = PBXShellScriptBuildPhase;
			buildActionMask = 2147483647;
			files = (
			);
			inputPaths = (
			);
<<<<<<< HEAD
			name = "[CP] Check Pods Manifest.lock";
=======
			name = "[CP] Embed Pods Frameworks";
>>>>>>> ce218563691d06e53e32e28dcdf088f3f0712adb
			outputPaths = (
			);
			runOnlyForDeploymentPostprocessing = 0;
			shellPath = /bin/sh;
<<<<<<< HEAD
			shellScript = "diff \"${PODS_ROOT}/../Podfile.lock\" \"${PODS_ROOT}/Manifest.lock\" > /dev/null\nif [ $? != 0 ] ; then\n    # print error to STDERR\n    echo \"error: The sandbox is not in sync with the Podfile.lock. Run 'pod install' or update your CocoaPods installation.\" >&2\n    exit 1\nfi\n";
			showEnvVarsInLog = 0;
		};
		A52E442000E456C1C9C39E91 /* [CP] Copy Pods Resources */ = {
=======
			shellScript = "\"${SRCROOT}/Pods/Target Support Files/Pods-InstaChatTests/Pods-InstaChatTests-frameworks.sh\"\n";
			showEnvVarsInLog = 0;
		};
		D54B152D25B660E35681CCEB /* [CP] Check Pods Manifest.lock */ = {
>>>>>>> ce218563691d06e53e32e28dcdf088f3f0712adb
			isa = PBXShellScriptBuildPhase;
			buildActionMask = 2147483647;
			files = (
			);
			inputPaths = (
			);
<<<<<<< HEAD
			name = "[CP] Copy Pods Resources";
=======
			name = "[CP] Check Pods Manifest.lock";
>>>>>>> ce218563691d06e53e32e28dcdf088f3f0712adb
			outputPaths = (
			);
			runOnlyForDeploymentPostprocessing = 0;
			shellPath = /bin/sh;
<<<<<<< HEAD
			shellScript = "\"${SRCROOT}/Pods/Target Support Files/Pods-InstaChat/Pods-InstaChat-resources.sh\"\n";
			showEnvVarsInLog = 0;
		};
		E2AE45533853676414FA6A13 /* [CP] Copy Pods Resources */ = {
=======
			shellScript = "diff \"${PODS_ROOT}/../Podfile.lock\" \"${PODS_ROOT}/Manifest.lock\" > /dev/null\nif [ $? != 0 ] ; then\n    # print error to STDERR\n    echo \"error: The sandbox is not in sync with the Podfile.lock. Run 'pod install' or update your CocoaPods installation.\" >&2\n    exit 1\nfi\n";
			showEnvVarsInLog = 0;
		};
		D8D4328692882C86BEB8E23F /* [CP] Embed Pods Frameworks */ = {
>>>>>>> ce218563691d06e53e32e28dcdf088f3f0712adb
			isa = PBXShellScriptBuildPhase;
			buildActionMask = 2147483647;
			files = (
			);
			inputPaths = (
			);
<<<<<<< HEAD
			name = "[CP] Copy Pods Resources";
=======
			name = "[CP] Embed Pods Frameworks";
>>>>>>> ce218563691d06e53e32e28dcdf088f3f0712adb
			outputPaths = (
			);
			runOnlyForDeploymentPostprocessing = 0;
			shellPath = /bin/sh;
<<<<<<< HEAD
			shellScript = "\"${SRCROOT}/Pods/Target Support Files/Pods-InstaChatUITests/Pods-InstaChatUITests-resources.sh\"\n";
=======
			shellScript = "\"${SRCROOT}/Pods/Target Support Files/Pods-InstaChatUITests/Pods-InstaChatUITests-frameworks.sh\"\n";
>>>>>>> ce218563691d06e53e32e28dcdf088f3f0712adb
			showEnvVarsInLog = 0;
		};
/* End PBXShellScriptBuildPhase section */

/* Begin PBXSourcesBuildPhase section */
		7D294EC71DE1FC8D0060DA97 /* Sources */ = {
			isa = PBXSourcesBuildPhase;
			buildActionMask = 2147483647;
			files = (
				7D294ED11DE1FC8D0060DA97 /* ViewController.swift in Sources */,
				7D294ECF1DE1FC8D0060DA97 /* AppDelegate.swift in Sources */,
			);
			runOnlyForDeploymentPostprocessing = 0;
		};
		7D294EDB1DE1FC8D0060DA97 /* Sources */ = {
			isa = PBXSourcesBuildPhase;
			buildActionMask = 2147483647;
			files = (
				7D294EE41DE1FC8D0060DA97 /* InstaChatTests.swift in Sources */,
			);
			runOnlyForDeploymentPostprocessing = 0;
		};
		7D294EE61DE1FC8D0060DA97 /* Sources */ = {
			isa = PBXSourcesBuildPhase;
			buildActionMask = 2147483647;
			files = (
				7D294EEF1DE1FC8D0060DA97 /* InstaChatUITests.swift in Sources */,
			);
			runOnlyForDeploymentPostprocessing = 0;
		};
/* End PBXSourcesBuildPhase section */

/* Begin PBXTargetDependency section */
		7D294EE11DE1FC8D0060DA97 /* PBXTargetDependency */ = {
			isa = PBXTargetDependency;
			target = 7D294ECA1DE1FC8D0060DA97 /* InstaChat */;
			targetProxy = 7D294EE01DE1FC8D0060DA97 /* PBXContainerItemProxy */;
		};
		7D294EEC1DE1FC8D0060DA97 /* PBXTargetDependency */ = {
			isa = PBXTargetDependency;
			target = 7D294ECA1DE1FC8D0060DA97 /* InstaChat */;
			targetProxy = 7D294EEB1DE1FC8D0060DA97 /* PBXContainerItemProxy */;
		};
/* End PBXTargetDependency section */

/* Begin PBXVariantGroup section */
		7D294ED21DE1FC8D0060DA97 /* Main.storyboard */ = {
			isa = PBXVariantGroup;
			children = (
				7D294ED31DE1FC8D0060DA97 /* Base */,
			);
			name = Main.storyboard;
			sourceTree = "<group>";
		};
		7D294ED71DE1FC8D0060DA97 /* LaunchScreen.storyboard */ = {
			isa = PBXVariantGroup;
			children = (
				7D294ED81DE1FC8D0060DA97 /* Base */,
			);
			name = LaunchScreen.storyboard;
			sourceTree = "<group>";
		};
/* End PBXVariantGroup section */

/* Begin XCBuildConfiguration section */
		7D294EF11DE1FC8D0060DA97 /* Debug */ = {
			isa = XCBuildConfiguration;
			buildSettings = {
				ALWAYS_SEARCH_USER_PATHS = NO;
				CLANG_ANALYZER_NONNULL = YES;
				CLANG_CXX_LANGUAGE_STANDARD = "gnu++0x";
				CLANG_CXX_LIBRARY = "libc++";
				CLANG_ENABLE_MODULES = YES;
				CLANG_ENABLE_OBJC_ARC = YES;
				CLANG_WARN_BOOL_CONVERSION = YES;
				CLANG_WARN_CONSTANT_CONVERSION = YES;
				CLANG_WARN_DIRECT_OBJC_ISA_USAGE = YES_ERROR;
				CLANG_WARN_DOCUMENTATION_COMMENTS = YES;
				CLANG_WARN_EMPTY_BODY = YES;
				CLANG_WARN_ENUM_CONVERSION = YES;
				CLANG_WARN_INFINITE_RECURSION = YES;
				CLANG_WARN_INT_CONVERSION = YES;
				CLANG_WARN_OBJC_ROOT_CLASS = YES_ERROR;
				CLANG_WARN_SUSPICIOUS_MOVES = YES;
				CLANG_WARN_UNREACHABLE_CODE = YES;
				CLANG_WARN__DUPLICATE_METHOD_MATCH = YES;
				"CODE_SIGN_IDENTITY[sdk=iphoneos*]" = "iPhone Developer";
				COPY_PHASE_STRIP = NO;
				DEBUG_INFORMATION_FORMAT = dwarf;
				ENABLE_STRICT_OBJC_MSGSEND = YES;
				ENABLE_TESTABILITY = YES;
				GCC_C_LANGUAGE_STANDARD = gnu99;
				GCC_DYNAMIC_NO_PIC = NO;
				GCC_NO_COMMON_BLOCKS = YES;
				GCC_OPTIMIZATION_LEVEL = 0;
				GCC_PREPROCESSOR_DEFINITIONS = (
					"DEBUG=1",
					"$(inherited)",
				);
				GCC_WARN_64_TO_32_BIT_CONVERSION = YES;
				GCC_WARN_ABOUT_RETURN_TYPE = YES_ERROR;
				GCC_WARN_UNDECLARED_SELECTOR = YES;
				GCC_WARN_UNINITIALIZED_AUTOS = YES_AGGRESSIVE;
				GCC_WARN_UNUSED_FUNCTION = YES;
				GCC_WARN_UNUSED_VARIABLE = YES;
				IPHONEOS_DEPLOYMENT_TARGET = 10.0;
				MTL_ENABLE_DEBUG_INFO = YES;
				ONLY_ACTIVE_ARCH = YES;
				SDKROOT = iphoneos;
				SWIFT_ACTIVE_COMPILATION_CONDITIONS = DEBUG;
				SWIFT_OPTIMIZATION_LEVEL = "-Onone";
			};
			name = Debug;
		};
		7D294EF21DE1FC8D0060DA97 /* Release */ = {
			isa = XCBuildConfiguration;
			buildSettings = {
				ALWAYS_SEARCH_USER_PATHS = NO;
				CLANG_ANALYZER_NONNULL = YES;
				CLANG_CXX_LANGUAGE_STANDARD = "gnu++0x";
				CLANG_CXX_LIBRARY = "libc++";
				CLANG_ENABLE_MODULES = YES;
				CLANG_ENABLE_OBJC_ARC = YES;
				CLANG_WARN_BOOL_CONVERSION = YES;
				CLANG_WARN_CONSTANT_CONVERSION = YES;
				CLANG_WARN_DIRECT_OBJC_ISA_USAGE = YES_ERROR;
				CLANG_WARN_DOCUMENTATION_COMMENTS = YES;
				CLANG_WARN_EMPTY_BODY = YES;
				CLANG_WARN_ENUM_CONVERSION = YES;
				CLANG_WARN_INFINITE_RECURSION = YES;
				CLANG_WARN_INT_CONVERSION = YES;
				CLANG_WARN_OBJC_ROOT_CLASS = YES_ERROR;
				CLANG_WARN_SUSPICIOUS_MOVES = YES;
				CLANG_WARN_UNREACHABLE_CODE = YES;
				CLANG_WARN__DUPLICATE_METHOD_MATCH = YES;
				"CODE_SIGN_IDENTITY[sdk=iphoneos*]" = "iPhone Developer";
				COPY_PHASE_STRIP = NO;
				DEBUG_INFORMATION_FORMAT = "dwarf-with-dsym";
				ENABLE_NS_ASSERTIONS = NO;
				ENABLE_STRICT_OBJC_MSGSEND = YES;
				GCC_C_LANGUAGE_STANDARD = gnu99;
				GCC_NO_COMMON_BLOCKS = YES;
				GCC_WARN_64_TO_32_BIT_CONVERSION = YES;
				GCC_WARN_ABOUT_RETURN_TYPE = YES_ERROR;
				GCC_WARN_UNDECLARED_SELECTOR = YES;
				GCC_WARN_UNINITIALIZED_AUTOS = YES_AGGRESSIVE;
				GCC_WARN_UNUSED_FUNCTION = YES;
				GCC_WARN_UNUSED_VARIABLE = YES;
				IPHONEOS_DEPLOYMENT_TARGET = 10.0;
				MTL_ENABLE_DEBUG_INFO = NO;
				SDKROOT = iphoneos;
				SWIFT_OPTIMIZATION_LEVEL = "-Owholemodule";
				VALIDATE_PRODUCT = YES;
			};
			name = Release;
		};
		7D294EF41DE1FC8D0060DA97 /* Debug */ = {
			isa = XCBuildConfiguration;
<<<<<<< HEAD
			baseConfigurationReference = 640B9FFCA0A08D75218B6EB2 /* Pods-InstaChat.debug.xcconfig */;
=======
			baseConfigurationReference = 7CCDA125D68139CD29F9C499 /* Pods-InstaChat.debug.xcconfig */;
>>>>>>> ce218563691d06e53e32e28dcdf088f3f0712adb
			buildSettings = {
				ASSETCATALOG_COMPILER_APPICON_NAME = AppIcon;
				INFOPLIST_FILE = InstaChat/Info.plist;
				LD_RUNPATH_SEARCH_PATHS = "$(inherited) @executable_path/Frameworks";
				PRODUCT_BUNDLE_IDENTIFIER = com.TheAustinSpace.InstaChat;
				PRODUCT_NAME = "$(TARGET_NAME)";
				SWIFT_VERSION = 3.0;
			};
			name = Debug;
		};
		7D294EF51DE1FC8D0060DA97 /* Release */ = {
			isa = XCBuildConfiguration;
<<<<<<< HEAD
			baseConfigurationReference = 1370914949D7EFE5DC9AF268 /* Pods-InstaChat.release.xcconfig */;
=======
			baseConfigurationReference = E95E1B5BEFE8779D0CF5E4E7 /* Pods-InstaChat.release.xcconfig */;
>>>>>>> ce218563691d06e53e32e28dcdf088f3f0712adb
			buildSettings = {
				ASSETCATALOG_COMPILER_APPICON_NAME = AppIcon;
				INFOPLIST_FILE = InstaChat/Info.plist;
				LD_RUNPATH_SEARCH_PATHS = "$(inherited) @executable_path/Frameworks";
				PRODUCT_BUNDLE_IDENTIFIER = com.TheAustinSpace.InstaChat;
				PRODUCT_NAME = "$(TARGET_NAME)";
				SWIFT_VERSION = 3.0;
			};
			name = Release;
		};
		7D294EF71DE1FC8D0060DA97 /* Debug */ = {
			isa = XCBuildConfiguration;
<<<<<<< HEAD
			baseConfigurationReference = 08466AD69BA80A42F0E17189 /* Pods-InstaChatTests.debug.xcconfig */;
=======
			baseConfigurationReference = 40B413C619D2F42705F868C4 /* Pods-InstaChatTests.debug.xcconfig */;
>>>>>>> ce218563691d06e53e32e28dcdf088f3f0712adb
			buildSettings = {
				ALWAYS_EMBED_SWIFT_STANDARD_LIBRARIES = YES;
				BUNDLE_LOADER = "$(TEST_HOST)";
				INFOPLIST_FILE = InstaChatTests/Info.plist;
				LD_RUNPATH_SEARCH_PATHS = "$(inherited) @executable_path/Frameworks @loader_path/Frameworks";
				PRODUCT_BUNDLE_IDENTIFIER = com.TheAustinSpace.InstaChatTests;
				PRODUCT_NAME = "$(TARGET_NAME)";
				SWIFT_VERSION = 3.0;
				TEST_HOST = "$(BUILT_PRODUCTS_DIR)/InstaChat.app/InstaChat";
			};
			name = Debug;
		};
		7D294EF81DE1FC8D0060DA97 /* Release */ = {
			isa = XCBuildConfiguration;
<<<<<<< HEAD
			baseConfigurationReference = 28404F9A2B7A46080077CA9E /* Pods-InstaChatTests.release.xcconfig */;
=======
			baseConfigurationReference = DCDAA9BB9014A6A789F6F4F6 /* Pods-InstaChatTests.release.xcconfig */;
>>>>>>> ce218563691d06e53e32e28dcdf088f3f0712adb
			buildSettings = {
				ALWAYS_EMBED_SWIFT_STANDARD_LIBRARIES = YES;
				BUNDLE_LOADER = "$(TEST_HOST)";
				INFOPLIST_FILE = InstaChatTests/Info.plist;
				LD_RUNPATH_SEARCH_PATHS = "$(inherited) @executable_path/Frameworks @loader_path/Frameworks";
				PRODUCT_BUNDLE_IDENTIFIER = com.TheAustinSpace.InstaChatTests;
				PRODUCT_NAME = "$(TARGET_NAME)";
				SWIFT_VERSION = 3.0;
				TEST_HOST = "$(BUILT_PRODUCTS_DIR)/InstaChat.app/InstaChat";
			};
			name = Release;
		};
		7D294EFA1DE1FC8D0060DA97 /* Debug */ = {
			isa = XCBuildConfiguration;
<<<<<<< HEAD
			baseConfigurationReference = 2F151623BD703D03D655A7AF /* Pods-InstaChatUITests.debug.xcconfig */;
=======
			baseConfigurationReference = 266B27938C2BDC9902D9BD65 /* Pods-InstaChatUITests.debug.xcconfig */;
>>>>>>> ce218563691d06e53e32e28dcdf088f3f0712adb
			buildSettings = {
				ALWAYS_EMBED_SWIFT_STANDARD_LIBRARIES = YES;
				INFOPLIST_FILE = InstaChatUITests/Info.plist;
				LD_RUNPATH_SEARCH_PATHS = "$(inherited) @executable_path/Frameworks @loader_path/Frameworks";
				PRODUCT_BUNDLE_IDENTIFIER = com.TheAustinSpace.InstaChatUITests;
				PRODUCT_NAME = "$(TARGET_NAME)";
				SWIFT_VERSION = 3.0;
				TEST_TARGET_NAME = InstaChat;
			};
			name = Debug;
		};
		7D294EFB1DE1FC8D0060DA97 /* Release */ = {
			isa = XCBuildConfiguration;
<<<<<<< HEAD
			baseConfigurationReference = 77225447623CC94D6FBA6EA4 /* Pods-InstaChatUITests.release.xcconfig */;
=======
			baseConfigurationReference = A9E25AEDF3F918EAF05B127A /* Pods-InstaChatUITests.release.xcconfig */;
>>>>>>> ce218563691d06e53e32e28dcdf088f3f0712adb
			buildSettings = {
				ALWAYS_EMBED_SWIFT_STANDARD_LIBRARIES = YES;
				INFOPLIST_FILE = InstaChatUITests/Info.plist;
				LD_RUNPATH_SEARCH_PATHS = "$(inherited) @executable_path/Frameworks @loader_path/Frameworks";
				PRODUCT_BUNDLE_IDENTIFIER = com.TheAustinSpace.InstaChatUITests;
				PRODUCT_NAME = "$(TARGET_NAME)";
				SWIFT_VERSION = 3.0;
				TEST_TARGET_NAME = InstaChat;
			};
			name = Release;
		};
/* End XCBuildConfiguration section */

/* Begin XCConfigurationList section */
		7D294EC61DE1FC8D0060DA97 /* Build configuration list for PBXProject "InstaChat" */ = {
			isa = XCConfigurationList;
			buildConfigurations = (
				7D294EF11DE1FC8D0060DA97 /* Debug */,
				7D294EF21DE1FC8D0060DA97 /* Release */,
			);
			defaultConfigurationIsVisible = 0;
			defaultConfigurationName = Release;
		};
		7D294EF31DE1FC8D0060DA97 /* Build configuration list for PBXNativeTarget "InstaChat" */ = {
			isa = XCConfigurationList;
			buildConfigurations = (
				7D294EF41DE1FC8D0060DA97 /* Debug */,
				7D294EF51DE1FC8D0060DA97 /* Release */,
			);
			defaultConfigurationIsVisible = 0;
			defaultConfigurationName = Release;
		};
		7D294EF61DE1FC8D0060DA97 /* Build configuration list for PBXNativeTarget "InstaChatTests" */ = {
			isa = XCConfigurationList;
			buildConfigurations = (
				7D294EF71DE1FC8D0060DA97 /* Debug */,
				7D294EF81DE1FC8D0060DA97 /* Release */,
			);
			defaultConfigurationIsVisible = 0;
			defaultConfigurationName = Release;
		};
		7D294EF91DE1FC8D0060DA97 /* Build configuration list for PBXNativeTarget "InstaChatUITests" */ = {
			isa = XCConfigurationList;
			buildConfigurations = (
				7D294EFA1DE1FC8D0060DA97 /* Debug */,
				7D294EFB1DE1FC8D0060DA97 /* Release */,
			);
			defaultConfigurationIsVisible = 0;
			defaultConfigurationName = Release;
		};
/* End XCConfigurationList section */
	};
	rootObject = 7D294EC31DE1FC8D0060DA97 /* Project object */;
}
